
Microsoft Visual Studio Solution File, Format Version 12.00
# Visual Studio 15
VisualStudioVersion = 15.0.27130.2026
MinimumVisualStudioVersion = 10.0.40219.1
Project("{FAE04EC0-301F-11D3-BF4B-00C04F79EFBC}") = "variables", "variables\variables.csproj", "{B129BE9E-73B4-4463-B140-7ECAA4DA68CA}"
EndProject
Global
	GlobalSection(SolutionConfigurationPlatforms) = preSolution
		Debug|Any CPU = Debug|Any CPU
		Release|Any CPU = Release|Any CPU
	EndGlobalSection
	GlobalSection(ProjectConfigurationPlatforms) = postSolution
		{B129BE9E-73B4-4463-B140-7ECAA4DA68CA}.Debug|Any CPU.ActiveCfg = Debug|Any CPU
		{B129BE9E-73B4-4463-B140-7ECAA4DA68CA}.Debug|Any CPU.Build.0 = Debug|Any CPU
		{B129BE9E-73B4-4463-B140-7ECAA4DA68CA}.Release|Any CPU.ActiveCfg = Release|Any CPU
		{B129BE9E-73B4-4463-B140-7ECAA4DA68CA}.Release|Any CPU.Build.0 = Release|Any CPU
	EndGlobalSection
	GlobalSection(SolutionProperties) = preSolution
		HideSolutionNode = FALSE
	EndGlobalSection
	GlobalSection(ExtensibilityGlobals) = postSolution
		SolutionGuid = {70FAF1A8-077B-412C-9780-1C2123D7A463}
	EndGlobalSection
EndGlobal
